
Microsoft Visual Studio Solution File, Format Version 12.00
# Visual Studio 14
VisualStudioVersion = 14.0.25420.1
MinimumVisualStudioVersion = 10.0.40219.1
Project("{FAE04EC0-301F-11D3-BF4B-00C04F79EFBC}") = "Lab3", "Lab3\Lab3.csproj", "{F40AF915-21AF-4C5C-8EB2-370AB09A6EDE}"
EndProject
Project("{FAE04EC0-301F-11D3-BF4B-00C04F79EFBC}") = "TDA", "..\TDA\TDA.csproj", "{4E3C5C77-2293-435C-8775-6B3426048AAB}"
EndProject
Global
	GlobalSection(SolutionConfigurationPlatforms) = preSolution
		Debug|Any CPU = Debug|Any CPU
		Release|Any CPU = Release|Any CPU
	EndGlobalSection
	GlobalSection(ProjectConfigurationPlatforms) = postSolution
		{F40AF915-21AF-4C5C-8EB2-370AB09A6EDE}.Debug|Any CPU.ActiveCfg = Debug|Any CPU
		{F40AF915-21AF-4C5C-8EB2-370AB09A6EDE}.Debug|Any CPU.Build.0 = Debug|Any CPU
		{F40AF915-21AF-4C5C-8EB2-370AB09A6EDE}.Release|Any CPU.ActiveCfg = Release|Any CPU
		{F40AF915-21AF-4C5C-8EB2-370AB09A6EDE}.Release|Any CPU.Build.0 = Release|Any CPU
		{4E3C5C77-2293-435C-8775-6B3426048AAB}.Debug|Any CPU.ActiveCfg = Debug|Any CPU
		{4E3C5C77-2293-435C-8775-6B3426048AAB}.Debug|Any CPU.Build.0 = Debug|Any CPU
		{4E3C5C77-2293-435C-8775-6B3426048AAB}.Release|Any CPU.ActiveCfg = Release|Any CPU
		{4E3C5C77-2293-435C-8775-6B3426048AAB}.Release|Any CPU.Build.0 = Release|Any CPU
	EndGlobalSection
	GlobalSection(SolutionProperties) = preSolution
		HideSolutionNode = FALSE
	EndGlobalSection
EndGlobal
